# THIS IS AN AUTOGENERATED FILE. DO NOT EDIT THIS FILE DIRECTLY.
# yarn lockfile v1


eslint-config-airbnb-base@^11.1.0:
  version "11.1.0"
  resolved "https://registry.yarnpkg.com/eslint-config-airbnb-base/-/eslint-config-airbnb-base-11.1.0.tgz#dc9b3ec70b8c74dcbe6d6257c9da3992c39ca2ca"

eslint-config-airbnb@^14.1.0:
  version "14.1.0"
  resolved "https://registry.yarnpkg.com/eslint-config-airbnb/-/eslint-config-airbnb-14.1.0.tgz#355d290040bbf8e00bf8b4b19f4b70cbe7c2317f"
  dependencies:
    eslint-config-airbnb-base "^11.1.0"
